
Microsoft Visual Studio Solution File, Format Version 12.00
# Visual Studio 15
VisualStudioVersion = 15.0.27130.2024
MinimumVisualStudioVersion = 10.0.40219.1
Project("{FAE04EC0-301F-11D3-BF4B-00C04F79EFBC}") = "TelegramBot", "TelegramBot\TelegramBot.csproj", "{D9703CFE-028B-42A2-AFEC-AB6BB426D25B}"
EndProject
Global
	GlobalSection(SolutionConfigurationPlatforms) = preSolution
		Debug|Any CPU = Debug|Any CPU
		Release|Any CPU = Release|Any CPU
	EndGlobalSection
	GlobalSection(ProjectConfigurationPlatforms) = postSolution
		{D9703CFE-028B-42A2-AFEC-AB6BB426D25B}.Debug|Any CPU.ActiveCfg = Debug|Any CPU
		{D9703CFE-028B-42A2-AFEC-AB6BB426D25B}.Debug|Any CPU.Build.0 = Debug|Any CPU
		{D9703CFE-028B-42A2-AFEC-AB6BB426D25B}.Release|Any CPU.ActiveCfg = Release|Any CPU
		{D9703CFE-028B-42A2-AFEC-AB6BB426D25B}.Release|Any CPU.Build.0 = Release|Any CPU
	EndGlobalSection
	GlobalSection(SolutionProperties) = preSolution
		HideSolutionNode = FALSE
	EndGlobalSection
	GlobalSection(ExtensibilityGlobals) = postSolution
		SolutionGuid = {C42B0B9E-D260-41CD-8F2E-8ED04E3CB0E1}
	EndGlobalSection
EndGlobal
